
Microsoft Visual Studio Solution File, Format Version 12.00
# Visual Studio 15
VisualStudioVersion = 15.0.27703.2042
MinimumVisualStudioVersion = 10.0.40219.1
Project("{FAE04EC0-301F-11D3-BF4B-00C04F79EFBC}") = "Converging", "Converging\Converging.csproj", "{10E48F32-0E94-492A-B369-99ABEAA8CEA7}"
EndProject
Project("{FAE04EC0-301F-11D3-BF4B-00C04F79EFBC}") = "Converging.Tests", "Converging.Tests\Converging.Tests.csproj", "{7D660434-E39C-4E68-ABF4-E67A8297E9E0}"
EndProject
Project("{FAE04EC0-301F-11D3-BF4B-00C04F79EFBC}") = "Converging.Common", "Converging.Common\Converging.Common.csproj", "{90A4B32B-44BD-4392-B526-BA398664938F}"
EndProject
Project("{FAE04EC0-301F-11D3-BF4B-00C04F79EFBC}") = "Converging.Model", "Converging.Model\Converging.Model.csproj", "{F7B91A65-BC52-4450-A8BE-71F8F844BD52}"
EndProject
Project("{FAE04EC0-301F-11D3-BF4B-00C04F79EFBC}") = "Converging.Service", "Converging.Service\Converging.Service.csproj", "{1CB4EF36-F138-4527-B604-7A46568E00EE}"
EndProject
Project("{FAE04EC0-301F-11D3-BF4B-00C04F79EFBC}") = "Converging.Data", "Converging.Data\Converging.Data.csproj", "{7DEC0648-4250-46FE-A1DA-453FA5FF4045}"
EndProject
Global
	GlobalSection(SolutionConfigurationPlatforms) = preSolution
		Debug|Any CPU = Debug|Any CPU
		Release|Any CPU = Release|Any CPU
	EndGlobalSection
	GlobalSection(ProjectConfigurationPlatforms) = postSolution
		{10E48F32-0E94-492A-B369-99ABEAA8CEA7}.Debug|Any CPU.ActiveCfg = Debug|Any CPU
		{10E48F32-0E94-492A-B369-99ABEAA8CEA7}.Debug|Any CPU.Build.0 = Debug|Any CPU
		{10E48F32-0E94-492A-B369-99ABEAA8CEA7}.Release|Any CPU.ActiveCfg = Release|Any CPU
		{10E48F32-0E94-492A-B369-99ABEAA8CEA7}.Release|Any CPU.Build.0 = Release|Any CPU
		{7D660434-E39C-4E68-ABF4-E67A8297E9E0}.Debug|Any CPU.ActiveCfg = Debug|Any CPU
		{7D660434-E39C-4E68-ABF4-E67A8297E9E0}.Debug|Any CPU.Build.0 = Debug|Any CPU
		{7D660434-E39C-4E68-ABF4-E67A8297E9E0}.Release|Any CPU.ActiveCfg = Release|Any CPU
		{7D660434-E39C-4E68-ABF4-E67A8297E9E0}.Release|Any CPU.Build.0 = Release|Any CPU
		{90A4B32B-44BD-4392-B526-BA398664938F}.Debug|Any CPU.ActiveCfg = Debug|Any CPU
		{90A4B32B-44BD-4392-B526-BA398664938F}.Debug|Any CPU.Build.0 = Debug|Any CPU
		{90A4B32B-44BD-4392-B526-BA398664938F}.Release|Any CPU.ActiveCfg = Release|Any CPU
		{90A4B32B-44BD-4392-B526-BA398664938F}.Release|Any CPU.Build.0 = Release|Any CPU
		{F7B91A65-BC52-4450-A8BE-71F8F844BD52}.Debug|Any CPU.ActiveCfg = Debug|Any CPU
		{F7B91A65-BC52-4450-A8BE-71F8F844BD52}.Debug|Any CPU.Build.0 = Debug|Any CPU
		{F7B91A65-BC52-4450-A8BE-71F8F844BD52}.Release|Any CPU.ActiveCfg = Release|Any CPU
		{F7B91A65-BC52-4450-A8BE-71F8F844BD52}.Release|Any CPU.Build.0 = Release|Any CPU
		{1CB4EF36-F138-4527-B604-7A46568E00EE}.Debug|Any CPU.ActiveCfg = Debug|Any CPU
		{1CB4EF36-F138-4527-B604-7A46568E00EE}.Debug|Any CPU.Build.0 = Debug|Any CPU
		{1CB4EF36-F138-4527-B604-7A46568E00EE}.Release|Any CPU.ActiveCfg = Release|Any CPU
		{1CB4EF36-F138-4527-B604-7A46568E00EE}.Release|Any CPU.Build.0 = Release|Any CPU
		{7DEC0648-4250-46FE-A1DA-453FA5FF4045}.Debug|Any CPU.ActiveCfg = Debug|Any CPU
		{7DEC0648-4250-46FE-A1DA-453FA5FF4045}.Debug|Any CPU.Build.0 = Debug|Any CPU
		{7DEC0648-4250-46FE-A1DA-453FA5FF4045}.Release|Any CPU.ActiveCfg = Release|Any CPU
		{7DEC0648-4250-46FE-A1DA-453FA5FF4045}.Release|Any CPU.Build.0 = Release|Any CPU
	EndGlobalSection
	GlobalSection(SolutionProperties) = preSolution
		HideSolutionNode = FALSE
	EndGlobalSection
	GlobalSection(ExtensibilityGlobals) = postSolution
		SolutionGuid = {A88B829B-2DC2-4BB3-92DC-229464923E08}
	EndGlobalSection
EndGlobal
